
Microsoft Visual Studio Solution File, Format Version 12.00
# Visual Studio Version 17
VisualStudioVersion = 17.13.35931.197 d17.13
MinimumVisualStudioVersion = 10.0.40219.1
Project("{FAE04EC0-301F-11D3-BF4B-00C04F79EFBC}") = "Rolagem de dados", "Rolagem de dados\Rolagem de dados.csproj", "{6EB52BB7-C837-457A-BF29-C8E831437EA4}"
EndProject
Global
	GlobalSection(SolutionConfigurationPlatforms) = preSolution
		Debug|Any CPU = Debug|Any CPU
		Release|Any CPU = Release|Any CPU
	EndGlobalSection
	GlobalSection(ProjectConfigurationPlatforms) = postSolution
		{6EB52BB7-C837-457A-BF29-C8E831437EA4}.Debug|Any CPU.ActiveCfg = Debug|Any CPU
		{6EB52BB7-C837-457A-BF29-C8E831437EA4}.Debug|Any CPU.Build.0 = Debug|Any CPU
		{6EB52BB7-C837-457A-BF29-C8E831437EA4}.Release|Any CPU.ActiveCfg = Release|Any CPU
		{6EB52BB7-C837-457A-BF29-C8E831437EA4}.Release|Any CPU.Build.0 = Release|Any CPU
	EndGlobalSection
	GlobalSection(SolutionProperties) = preSolution
		HideSolutionNode = FALSE
	EndGlobalSection
	GlobalSection(ExtensibilityGlobals) = postSolution
		SolutionGuid = {1E32E558-A8E7-49B6-939C-CF0C2693E2F6}
	EndGlobalSection
EndGlobal
